<?xml version="1.0" encoding="UTF-8"?>
<!DOCTYPE plist PUBLIC "-//Apple//DTD PLIST 1.0//EN" "http://www.apple.com/DTDs/PropertyList-1.0.dtd">
<plist version="1.0">
<dict>
	<key>archiveVersion</key>
	<string>1</string>
	<key>classes</key>
	<dict/>
	<key>objectVersion</key>
	<string>46</string>
	<key>objects</key>
	<dict>
		<key>0888F537B08737B1FEFC0AFC</key>
		<dict>
			<key>fileRef</key>
			<string>E410EB0AA4D142D112B74924</string>
			<key>isa</key>
			<string>PBXBuildFile</string>
		</dict>
		<key>129BC7266D26A3308A547BEE</key>
		<dict>
			<key>children</key>
			<array>
				<string>E410EB0AA4D142D112B74924</string>
				<string>D346FE91FEFE5CF9276705E4</string>
			</array>
			<key>isa</key>
			<string>PBXGroup</string>
			<key>name</key>
			<string>Frameworks</string>
			<key>sourceTree</key>
			<string>&lt;group&gt;</string>
		</dict>
		<key>292D5CCCB99B50CF64062BD6</key>
		<dict>
			<key>includeInIndex</key>
			<string>1</string>
			<key>isa</key>
			<string>PBXFileReference</string>
			<key>lastKnownFileType</key>
			<string>text.xcconfig</string>
			<key>name</key>
			<string>Pods.release.xcconfig</string>
			<key>path</key>
			<string>Pods/Target Support Files/Pods/Pods.release.xcconfig</string>
			<key>sourceTree</key>
			<string>&lt;group&gt;</string>
		</dict>
		<key>4A4EAF0C5A7147C88F031E77</key>
		<dict>
			<key>children</key>
			<array>
				<string>6792CAE254D55FC12C267CF4</string>
				<string>292D5CCCB99B50CF64062BD6</string>
			</array>
			<key>isa</key>
			<string>PBXGroup</string>
			<key>name</key>
			<string>Pods</string>
			<key>sourceTree</key>
			<string>&lt;group&gt;</string>
		</dict>
		<key>6792CAE254D55FC12C267CF4</key>
		<dict>
			<key>includeInIndex</key>
			<string>1</string>
			<key>isa</key>
			<string>PBXFileReference</string>
			<key>lastKnownFileType</key>
			<string>text.xcconfig</string>
			<key>name</key>
			<string>Pods.debug.xcconfig</string>
			<key>path</key>
			<string>Pods/Target Support Files/Pods/Pods.debug.xcconfig</string>
			<key>sourceTree</key>
			<string>&lt;group&gt;</string>
		</dict>
		<key>6A60FA37D0AF3E67E4423422</key>
		<dict>
			<key>buildActionMask</key>
			<string>2147483647</string>
			<key>files</key>
			<array/>
			<key>inputPaths</key>
			<array/>
			<key>isa</key>
			<string>PBXShellScriptBuildPhase</string>
			<key>name</key>
			<string>Copy Pods Resources</string>
			<key>outputPaths</key>
			<array/>
			<key>runOnlyForDeploymentPostprocessing</key>
			<string>0</string>
			<key>shellPath</key>
			<string>/bin/sh</string>
			<key>shellScript</key>
			<string>"${SRCROOT}/Pods/Target Support Files/Pods/Pods-resources.sh"
</string>
			<key>showEnvVarsInLog</key>
			<string>0</string>
		</dict>
		<key>7F602B02899EF2554B9CF1DE</key>
		<dict>
			<key>buildActionMask</key>
			<string>2147483647</string>
			<key>files</key>
			<array/>
			<key>inputPaths</key>
			<array/>
			<key>isa</key>
			<string>PBXShellScriptBuildPhase</string>
			<key>name</key>
			<string>Embed Pods Frameworks</string>
			<key>outputPaths</key>
			<array/>
			<key>runOnlyForDeploymentPostprocessing</key>
			<string>0</string>
			<key>shellPath</key>
			<string>/bin/sh</string>
			<key>shellScript</key>
			<string>"${SRCROOT}/Pods/Target Support Files/Pods-LoCal1/Pods-LoCal1-frameworks.sh"
</string>
			<key>showEnvVarsInLog</key>
			<string>0</string>
		</dict>
		<key>980391AF8A65B753B2ACAD8B</key>
		<dict>
			<key>fileRef</key>
			<string>D346FE91FEFE5CF9276705E4</string>
			<key>isa</key>
			<string>PBXBuildFile</string>
		</dict>
		<key>C38055221CEAFD5E00D6C073</key>
		<dict>
			<key>children</key>
			<array>
				<string>C38055B21CEB003700D6C073</string>
				<string>C380552D1CEAFD5E00D6C073</string>
				<string>C38055451CEAFD5E00D6C073</string>
				<string>C38055501CEAFD5E00D6C073</string>
				<string>C380552C1CEAFD5E00D6C073</string>
				<string>4A4EAF0C5A7147C88F031E77</string>
				<string>129BC7266D26A3308A547BEE</string>
			</array>
			<key>isa</key>
			<string>PBXGroup</string>
			<key>sourceTree</key>
			<string>&lt;group&gt;</string>
		</dict>
		<key>C38055231CEAFD5E00D6C073</key>
		<dict>
			<key>attributes</key>
			<dict>
				<key>LastSwiftUpdateCheck</key>
				<string>0730</string>
				<key>LastUpgradeCheck</key>
				<string>0730</string>
				<key>ORGANIZATIONNAME</key>
				<string>Tyler Reardon</string>
				<key>TargetAttributes</key>
				<dict>
					<key>C380552A1CEAFD5E00D6C073</key>
					<dict>
						<key>CreatedOnToolsVersion</key>
						<string>7.3.1</string>
					</dict>
					<key>C38055411CEAFD5E00D6C073</key>
					<dict>
						<key>CreatedOnToolsVersion</key>
						<string>7.3.1</string>
						<key>TestTargetID</key>
						<string>C380552A1CEAFD5E00D6C073</string>
					</dict>
					<key>C380554C1CEAFD5E00D6C073</key>
					<dict>
						<key>CreatedOnToolsVersion</key>
						<string>7.3.1</string>
						<key>TestTargetID</key>
						<string>C380552A1CEAFD5E00D6C073</string>
					</dict>
				</dict>
			</dict>
			<key>buildConfigurationList</key>
			<string>C38055261CEAFD5E00D6C073</string>
			<key>compatibilityVersion</key>
			<string>Xcode 3.2</string>
			<key>developmentRegion</key>
			<string>English</string>
			<key>hasScannedForEncodings</key>
			<string>0</string>
			<key>isa</key>
			<string>PBXProject</string>
			<key>knownRegions</key>
			<array>
				<string>en</string>
				<string>Base</string>
			</array>
			<key>mainGroup</key>
			<string>C38055221CEAFD5E00D6C073</string>
			<key>productRefGroup</key>
			<string>C380552C1CEAFD5E00D6C073</string>
			<key>projectDirPath</key>
			<string></string>
			<key>projectReferences</key>
			<array/>
			<key>projectRoot</key>
			<string></string>
			<key>targets</key>
			<array>
				<string>C380552A1CEAFD5E00D6C073</string>
				<string>C38055411CEAFD5E00D6C073</string>
				<string>C380554C1CEAFD5E00D6C073</string>
			</array>
		</dict>
		<key>C38055261CEAFD5E00D6C073</key>
		<dict>
			<key>buildConfigurations</key>
			<array>
				<string>C38055541CEAFD5E00D6C073</string>
				<string>C38055551CEAFD5E00D6C073</string>
			</array>
			<key>defaultConfigurationIsVisible</key>
			<string>0</string>
			<key>defaultConfigurationName</key>
			<string>Release</string>
			<key>isa</key>
			<string>XCConfigurationList</string>
		</dict>
		<key>C38055271CEAFD5E00D6C073</key>
		<dict>
			<key>buildActionMask</key>
			<string>2147483647</string>
			<key>files</key>
			<array>
				<string>C380556D1CEAFDA300D6C073</string>
				<string>C38055721CEAFDFF00D6C073</string>
				<string>C38055311CEAFD5E00D6C073</string>
				<string>C38055751CEAFE3200D6C073</string>
				<string>C38055601CEAFD8300D6C073</string>
				<string>C38055731CEAFDFF00D6C073</string>
				<string>C38055A61CEAFE9E00D6C073</string>
				<string>C38055A71CEAFE9E00D6C073</string>
				<string>C38055941CEAFE7D00D6C073</string>
				<string>C38055AA1CEAFE9E00D6C073</string>
				<string>C380559C1CEAFE7D00D6C073</string>
				<string>C38055991CEAFE7D00D6C073</string>
				<string>C380556B1CEAFDA300D6C073</string>
				<string>C380559A1CEAFE7D00D6C073</string>
				<string>C380559D1CEAFE7D00D6C073</string>
				<string>C380559B1CEAFE7D00D6C073</string>
				<string>C38055971CEAFE7D00D6C073</string>
				<string>C38055931CEAFE7D00D6C073</string>
				<string>C38055951CEAFE7D00D6C073</string>
				<string>C380559E1CEAFE7D00D6C073</string>
				<string>C38055AC1CEAFE9E00D6C073</string>
				<string>C380556C1CEAFDA300D6C073</string>
				<string>C38055371CEAFD5E00D6C073</string>
				<string>C38055AB1CEAFE9E00D6C073</string>
				<string>C38055A81CEAFE9E00D6C073</string>
				<string>C38055981CEAFE7D00D6C073</string>
				<string>C38055961CEAFE7D00D6C073</string>
				<string>C38055A91CEAFE9E00D6C073</string>
			</array>
			<key>isa</key>
			<string>PBXSourcesBuildPhase</string>
			<key>runOnlyForDeploymentPostprocessing</key>
			<string>0</string>
		</dict>
		<key>C38055281CEAFD5E00D6C073</key>
		<dict>
			<key>buildActionMask</key>
			<string>2147483647</string>
			<key>files</key>
			<array>
				<string>0888F537B08737B1FEFC0AFC</string>
				<string>980391AF8A65B753B2ACAD8B</string>
			</array>
			<key>isa</key>
			<string>PBXFrameworksBuildPhase</string>
			<key>runOnlyForDeploymentPostprocessing</key>
			<string>0</string>
		</dict>
		<key>C38055291CEAFD5E00D6C073</key>
		<dict>
			<key>buildActionMask</key>
			<string>2147483647</string>
			<key>files</key>
			<array>
				<string>C380557E1CEAFE4F00D6C073</string>
				<string>C38055811CEAFE4F00D6C073</string>
				<string>C38055831CEAFE4F00D6C073</string>
				<string>C38055851CEAFE4F00D6C073</string>
				<string>C380553C1CEAFD5E00D6C073</string>
				<string>C38055801CEAFE4F00D6C073</string>
				<string>C380557F1CEAFE4F00D6C073</string>
				<string>C38055821CEAFE4F00D6C073</string>
				<string>C38055391CEAFD5E00D6C073</string>
				<string>C38055841CEAFE4F00D6C073</string>
				<string>C38055341CEAFD5E00D6C073</string>
			</array>
			<key>isa</key>
			<string>PBXResourcesBuildPhase</string>
			<key>runOnlyForDeploymentPostprocessing</key>
			<string>0</string>
		</dict>
		<key>C380552A1CEAFD5E00D6C073</key>
		<dict>
			<key>buildConfigurationList</key>
			<string>C38055561CEAFD5E00D6C073</string>
			<key>buildPhases</key>
			<array>
				<string>DDB12FC84C402ECB07913268</string>
				<string>C38055271CEAFD5E00D6C073</string>
				<string>C38055281CEAFD5E00D6C073</string>
				<string>C38055291CEAFD5E00D6C073</string>
				<string>7F602B02899EF2554B9CF1DE</string>
				<string>6A60FA37D0AF3E67E4423422</string>
			</array>
			<key>buildRules</key>
			<array/>
			<key>dependencies</key>
			<array/>
			<key>isa</key>
			<string>PBXNativeTarget</string>
			<key>name</key>
			<string>LoCal1</string>
			<key>productName</key>
			<string>LoCal1</string>
			<key>productReference</key>
			<string>C380552B1CEAFD5E00D6C073</string>
			<key>productType</key>
			<string>com.apple.product-type.application</string>
		</dict>
		<key>C380552B1CEAFD5E00D6C073</key>
		<dict>
			<key>explicitFileType</key>
			<string>wrapper.application</string>
			<key>includeInIndex</key>
			<string>0</string>
			<key>isa</key>
			<string>PBXFileReference</string>
			<key>path</key>
			<string>LoCal1.app</string>
			<key>sourceTree</key>
			<string>BUILT_PRODUCTS_DIR</string>
		</dict>
		<key>C380552C1CEAFD5E00D6C073</key>
		<dict>
			<key>children</key>
			<array>
				<string>C380552B1CEAFD5E00D6C073</string>
				<string>C38055421CEAFD5E00D6C073</string>
				<string>C380554D1CEAFD5E00D6C073</string>
			</array>
			<key>isa</key>
			<string>PBXGroup</string>
			<key>name</key>
			<string>Products</string>
			<key>sourceTree</key>
			<string>&lt;group&gt;</string>
		</dict>
		<key>C380552D1CEAFD5E00D6C073</key>
		<dict>
			<key>children</key>
			<array>
				<string>C38055AD1CEAFEDA00D6C073</string>
				<string>C38055741CEAFE3200D6C073</string>
				<string>C38055321CEAFD5E00D6C073</string>
				<string>C38055AE1CEAFF1400D6C073</string>
				<string>C38055AF1CEAFF2D00D6C073</string>
				<string>C38055B01CEAFF4200D6C073</string>
				<string>C380558B1CEAFE7D00D6C073</string>
				<string>C38055A51CEAFE9E00D6C073</string>
				<string>C38055901CEAFE7D00D6C073</string>
				<string>C38055911CEAFE7D00D6C073</string>
				<string>C38055921CEAFE7D00D6C073</string>
				<string>C38055381CEAFD5E00D6C073</string>
				<string>C38055861CEAFE5400D6C073</string>
				<string>C380553A1CEAFD5E00D6C073</string>
				<string>C380553D1CEAFD5E00D6C073</string>
				<string>C38055351CEAFD5E00D6C073</string>
				<string>C380556E1CEAFDBF00D6C073</string>
			</array>
			<key>isa</key>
			<string>PBXGroup</string>
			<key>path</key>
			<string>LoCal1</string>
			<key>sourceTree</key>
			<string>&lt;group&gt;</string>
		</dict>
		<key>C38055301CEAFD5E00D6C073</key>
		<dict>
			<key>isa</key>
			<string>PBXFileReference</string>
			<key>lastKnownFileType</key>
			<string>sourcecode.swift</string>
			<key>path</key>
			<string>ViewController.swift</string>
			<key>sourceTree</key>
			<string>&lt;group&gt;</string>
		</dict>
		<key>C38055311CEAFD5E00D6C073</key>
		<dict>
			<key>fileRef</key>
			<string>C38055301CEAFD5E00D6C073</string>
			<key>isa</key>
			<string>PBXBuildFile</string>
		</dict>
		<key>C38055321CEAFD5E00D6C073</key>
		<dict>
			<key>children</key>
			<array>
				<string>C38055331CEAFD5E00D6C073</string>
			</array>
			<key>isa</key>
			<string>PBXVariantGroup</string>
			<key>name</key>
			<string>Main.storyboard</string>
			<key>sourceTree</key>
			<string>&lt;group&gt;</string>
		</dict>
		<key>C38055331CEAFD5E00D6C073</key>
		<dict>
			<key>isa</key>
			<string>PBXFileReference</string>
			<key>lastKnownFileType</key>
			<string>file.storyboard</string>
			<key>name</key>
			<string>Base</string>
			<key>path</key>
			<string>Base.lproj/Main.storyboard</string>
			<key>sourceTree</key>
			<string>&lt;group&gt;</string>
		</dict>
		<key>C38055341CEAFD5E00D6C073</key>
		<dict>
			<key>fileRef</key>
			<string>C38055321CEAFD5E00D6C073</string>
			<key>isa</key>
			<string>PBXBuildFile</string>
		</dict>
		<key>C38055351CEAFD5E00D6C073</key>
		<dict>
			<key>children</key>
			<array>
				<string>C38055361CEAFD5E00D6C073</string>
			</array>
			<key>currentVersion</key>
			<string>C38055361CEAFD5E00D6C073</string>
			<key>isa</key>
			<string>XCVersionGroup</string>
			<key>path</key>
			<string>LoCal1.xcdatamodeld</string>
			<key>sourceTree</key>
			<string>&lt;group&gt;</string>
			<key>versionGroupType</key>
			<string>wrapper.xcdatamodel</string>
		</dict>
		<key>C38055361CEAFD5E00D6C073</key>
		<dict>
			<key>isa</key>
			<string>PBXFileReference</string>
			<key>lastKnownFileType</key>
			<string>wrapper.xcdatamodel</string>
			<key>path</key>
			<string>LoCal1.xcdatamodel</string>
			<key>sourceTree</key>
			<string>&lt;group&gt;</string>
		</dict>
		<key>C38055371CEAFD5E00D6C073</key>
		<dict>
			<key>fileRef</key>
			<string>C38055351CEAFD5E00D6C073</string>
			<key>isa</key>
			<string>PBXBuildFile</string>
		</dict>
		<key>C38055381CEAFD5E00D6C073</key>
		<dict>
			<key>isa</key>
			<string>PBXFileReference</string>
			<key>lastKnownFileType</key>
			<string>folder.assetcatalog</string>
			<key>path</key>
			<string>Assets.xcassets</string>
			<key>sourceTree</key>
			<string>&lt;group&gt;</string>
		</dict>
		<key>C38055391CEAFD5E00D6C073</key>
		<dict>
			<key>fileRef</key>
			<string>C38055381CEAFD5E00D6C073</string>
			<key>isa</key>
			<string>PBXBuildFile</string>
		</dict>
		<key>C380553A1CEAFD5E00D6C073</key>
		<dict>
			<key>children</key>
			<array>
				<string>C380553B1CEAFD5E00D6C073</string>
			</array>
			<key>isa</key>
			<string>PBXVariantGroup</string>
			<key>name</key>
			<string>LaunchScreen.storyboard</string>
			<key>sourceTree</key>
			<string>&lt;group&gt;</string>
		</dict>
		<key>C380553B1CEAFD5E00D6C073</key>
		<dict>
			<key>isa</key>
			<string>PBXFileReference</string>
			<key>lastKnownFileType</key>
			<string>file.storyboard</string>
			<key>name</key>
			<string>Base</string>
			<key>path</key>
			<string>Base.lproj/LaunchScreen.storyboard</string>
			<key>sourceTree</key>
			<string>&lt;group&gt;</string>
		</dict>
		<key>C380553C1CEAFD5E00D6C073</key>
		<dict>
			<key>fileRef</key>
			<string>C380553A1CEAFD5E00D6C073</string>
			<key>isa</key>
			<string>PBXBuildFile</string>
		</dict>
		<key>C380553D1CEAFD5E00D6C073</key>
		<dict>
			<key>isa</key>
			<string>PBXFileReference</string>
			<key>lastKnownFileType</key>
			<string>text.plist.xml</string>
			<key>path</key>
			<string>Info.plist</string>
			<key>sourceTree</key>
			<string>&lt;group&gt;</string>
		</dict>
		<key>C380553E1CEAFD5E00D6C073</key>
		<dict>
			<key>buildActionMask</key>
			<string>2147483647</string>
			<key>files</key>
			<array>
				<string>C38055471CEAFD5E00D6C073</string>
			</array>
			<key>isa</key>
			<string>PBXSourcesBuildPhase</string>
			<key>runOnlyForDeploymentPostprocessing</key>
			<string>0</string>
		</dict>
		<key>C380553F1CEAFD5E00D6C073</key>
		<dict>
			<key>buildActionMask</key>
			<string>2147483647</string>
			<key>files</key>
			<array/>
			<key>isa</key>
			<string>PBXFrameworksBuildPhase</string>
			<key>runOnlyForDeploymentPostprocessing</key>
			<string>0</string>
		</dict>
		<key>C38055401CEAFD5E00D6C073</key>
		<dict>
			<key>buildActionMask</key>
			<string>2147483647</string>
			<key>files</key>
			<array/>
			<key>isa</key>
			<string>PBXResourcesBuildPhase</string>
			<key>runOnlyForDeploymentPostprocessing</key>
			<string>0</string>
		</dict>
		<key>C38055411CEAFD5E00D6C073</key>
		<dict>
			<key>buildConfigurationList</key>
			<string>C38055591CEAFD5E00D6C073</string>
			<key>buildPhases</key>
			<array>
				<string>C380553E1CEAFD5E00D6C073</string>
				<string>C380553F1CEAFD5E00D6C073</string>
				<string>C38055401CEAFD5E00D6C073</string>
			</array>
			<key>buildRules</key>
			<array/>
			<key>dependencies</key>
			<array>
				<string>C38055441CEAFD5E00D6C073</string>
			</array>
			<key>isa</key>
			<string>PBXNativeTarget</string>
			<key>name</key>
			<string>LoCal1Tests</string>
			<key>productName</key>
			<string>LoCal1Tests</string>
			<key>productReference</key>
			<string>C38055421CEAFD5E00D6C073</string>
			<key>productType</key>
			<string>com.apple.product-type.bundle.unit-test</string>
		</dict>
		<key>C38055421CEAFD5E00D6C073</key>
		<dict>
			<key>explicitFileType</key>
			<string>wrapper.cfbundle</string>
			<key>includeInIndex</key>
			<string>0</string>
			<key>isa</key>
			<string>PBXFileReference</string>
			<key>path</key>
			<string>LoCal1Tests.xctest</string>
			<key>sourceTree</key>
			<string>BUILT_PRODUCTS_DIR</string>
		</dict>
		<key>C38055431CEAFD5E00D6C073</key>
		<dict>
			<key>containerPortal</key>
			<string>C38055231CEAFD5E00D6C073</string>
			<key>isa</key>
			<string>PBXContainerItemProxy</string>
			<key>proxyType</key>
			<string>1</string>
			<key>remoteGlobalIDString</key>
			<string>C380552A1CEAFD5E00D6C073</string>
			<key>remoteInfo</key>
			<string>LoCal1</string>
		</dict>
		<key>C38055441CEAFD5E00D6C073</key>
		<dict>
			<key>isa</key>
			<string>PBXTargetDependency</string>
			<key>target</key>
			<string>C380552A1CEAFD5E00D6C073</string>
			<key>targetProxy</key>
			<string>C38055431CEAFD5E00D6C073</string>
		</dict>
		<key>C38055451CEAFD5E00D6C073</key>
		<dict>
			<key>children</key>
			<array>
				<string>C38055461CEAFD5E00D6C073</string>
				<string>C38055481CEAFD5E00D6C073</string>
			</array>
			<key>isa</key>
			<string>PBXGroup</string>
			<key>path</key>
			<string>LoCal1Tests</string>
			<key>sourceTree</key>
			<string>&lt;group&gt;</string>
		</dict>
		<key>C38055461CEAFD5E00D6C073</key>
		<dict>
			<key>isa</key>
			<string>PBXFileReference</string>
			<key>lastKnownFileType</key>
			<string>sourcecode.swift</string>
			<key>path</key>
			<string>LoCal1Tests.swift</string>
			<key>sourceTree</key>
			<string>&lt;group&gt;</string>
		</dict>
		<key>C38055471CEAFD5E00D6C073</key>
		<dict>
			<key>fileRef</key>
			<string>C38055461CEAFD5E00D6C073</string>
			<key>isa</key>
			<string>PBXBuildFile</string>
		</dict>
		<key>C38055481CEAFD5E00D6C073</key>
		<dict>
			<key>isa</key>
			<string>PBXFileReference</string>
			<key>lastKnownFileType</key>
			<string>text.plist.xml</string>
			<key>path</key>
			<string>Info.plist</string>
			<key>sourceTree</key>
			<string>&lt;group&gt;</string>
		</dict>
		<key>C38055491CEAFD5E00D6C073</key>
		<dict>
			<key>buildActionMask</key>
			<string>2147483647</string>
			<key>files</key>
			<array>
				<string>C38055521CEAFD5E00D6C073</string>
			</array>
			<key>isa</key>
			<string>PBXSourcesBuildPhase</string>
			<key>runOnlyForDeploymentPostprocessing</key>
			<string>0</string>
		</dict>
		<key>C380554A1CEAFD5E00D6C073</key>
		<dict>
			<key>buildActionMask</key>
			<string>2147483647</string>
			<key>files</key>
			<array/>
			<key>isa</key>
			<string>PBXFrameworksBuildPhase</string>
			<key>runOnlyForDeploymentPostprocessing</key>
			<string>0</string>
		</dict>
		<key>C380554B1CEAFD5E00D6C073</key>
		<dict>
			<key>buildActionMask</key>
			<string>2147483647</string>
			<key>files</key>
			<array/>
			<key>isa</key>
			<string>PBXResourcesBuildPhase</string>
			<key>runOnlyForDeploymentPostprocessing</key>
			<string>0</string>
		</dict>
		<key>C380554C1CEAFD5E00D6C073</key>
		<dict>
			<key>buildConfigurationList</key>
			<string>C380555C1CEAFD5E00D6C073</string>
			<key>buildPhases</key>
			<array>
				<string>C38055491CEAFD5E00D6C073</string>
				<string>C380554A1CEAFD5E00D6C073</string>
				<string>C380554B1CEAFD5E00D6C073</string>
			</array>
			<key>buildRules</key>
			<array/>
			<key>dependencies</key>
			<array>
				<string>C380554F1CEAFD5E00D6C073</string>
			</array>
			<key>isa</key>
			<string>PBXNativeTarget</string>
			<key>name</key>
			<string>LoCal1UITests</string>
			<key>productName</key>
			<string>LoCal1UITests</string>
			<key>productReference</key>
			<string>C380554D1CEAFD5E00D6C073</string>
			<key>productType</key>
			<string>com.apple.product-type.bundle.ui-testing</string>
		</dict>
		<key>C380554D1CEAFD5E00D6C073</key>
		<dict>
			<key>explicitFileType</key>
			<string>wrapper.cfbundle</string>
			<key>includeInIndex</key>
			<string>0</string>
			<key>isa</key>
			<string>PBXFileReference</string>
			<key>path</key>
			<string>LoCal1UITests.xctest</string>
			<key>sourceTree</key>
			<string>BUILT_PRODUCTS_DIR</string>
		</dict>
		<key>C380554E1CEAFD5E00D6C073</key>
		<dict>
			<key>containerPortal</key>
			<string>C38055231CEAFD5E00D6C073</string>
			<key>isa</key>
			<string>PBXContainerItemProxy</string>
			<key>proxyType</key>
			<string>1</string>
			<key>remoteGlobalIDString</key>
			<string>C380552A1CEAFD5E00D6C073</string>
			<key>remoteInfo</key>
			<string>LoCal1</string>
		</dict>
		<key>C380554F1CEAFD5E00D6C073</key>
		<dict>
			<key>isa</key>
			<string>PBXTargetDependency</string>
			<key>target</key>
			<string>C380552A1CEAFD5E00D6C073</string>
			<key>targetProxy</key>
			<string>C380554E1CEAFD5E00D6C073</string>
		</dict>
		<key>C38055501CEAFD5E00D6C073</key>
		<dict>
			<key>children</key>
			<array>
				<string>C38055511CEAFD5E00D6C073</string>
				<string>C38055531CEAFD5E00D6C073</string>
			</array>
			<key>isa</key>
			<string>PBXGroup</string>
			<key>path</key>
			<string>LoCal1UITests</string>
			<key>sourceTree</key>
			<string>&lt;group&gt;</string>
		</dict>
		<key>C38055511CEAFD5E00D6C073</key>
		<dict>
			<key>isa</key>
			<string>PBXFileReference</string>
			<key>lastKnownFileType</key>
			<string>sourcecode.swift</string>
			<key>path</key>
			<string>LoCal1UITests.swift</string>
			<key>sourceTree</key>
			<string>&lt;group&gt;</string>
		</dict>
		<key>C38055521CEAFD5E00D6C073</key>
		<dict>
			<key>fileRef</key>
			<string>C38055511CEAFD5E00D6C073</string>
			<key>isa</key>
			<string>PBXBuildFile</string>
		</dict>
		<key>C38055531CEAFD5E00D6C073</key>
		<dict>
			<key>isa</key>
			<string>PBXFileReference</string>
			<key>lastKnownFileType</key>
			<string>text.plist.xml</string>
			<key>path</key>
			<string>Info.plist</string>
			<key>sourceTree</key>
			<string>&lt;group&gt;</string>
		</dict>
		<key>C38055541CEAFD5E00D6C073</key>
		<dict>
			<key>buildSettings</key>
			<dict>
				<key>ALWAYS_SEARCH_USER_PATHS</key>
				<string>NO</string>
				<key>CLANG_ANALYZER_NONNULL</key>
				<string>YES</string>
				<key>CLANG_CXX_LANGUAGE_STANDARD</key>
				<string>gnu++0x</string>
				<key>CLANG_CXX_LIBRARY</key>
				<string>libc++</string>
				<key>CLANG_ENABLE_MODULES</key>
				<string>YES</string>
				<key>CLANG_ENABLE_OBJC_ARC</key>
				<string>YES</string>
				<key>CLANG_WARN_BOOL_CONVERSION</key>
				<string>YES</string>
				<key>CLANG_WARN_CONSTANT_CONVERSION</key>
				<string>YES</string>
				<key>CLANG_WARN_DIRECT_OBJC_ISA_USAGE</key>
				<string>YES_ERROR</string>
				<key>CLANG_WARN_EMPTY_BODY</key>
				<string>YES</string>
				<key>CLANG_WARN_ENUM_CONVERSION</key>
				<string>YES</string>
				<key>CLANG_WARN_INT_CONVERSION</key>
				<string>YES</string>
				<key>CLANG_WARN_OBJC_ROOT_CLASS</key>
				<string>YES_ERROR</string>
				<key>CLANG_WARN_UNREACHABLE_CODE</key>
				<string>YES</string>
				<key>CLANG_WARN__DUPLICATE_METHOD_MATCH</key>
				<string>YES</string>
				<key>CODE_SIGN_IDENTITY[sdk=iphoneos*]</key>
				<string>iPhone Developer</string>
				<key>COPY_PHASE_STRIP</key>
				<string>NO</string>
				<key>DEBUG_INFORMATION_FORMAT</key>
				<string>dwarf</string>
				<key>ENABLE_STRICT_OBJC_MSGSEND</key>
				<string>YES</string>
				<key>ENABLE_TESTABILITY</key>
				<string>YES</string>
				<key>GCC_C_LANGUAGE_STANDARD</key>
				<string>gnu99</string>
				<key>GCC_DYNAMIC_NO_PIC</key>
				<string>NO</string>
				<key>GCC_NO_COMMON_BLOCKS</key>
				<string>YES</string>
				<key>GCC_OPTIMIZATION_LEVEL</key>
				<string>0</string>
				<key>GCC_PREPROCESSOR_DEFINITIONS</key>
				<array>
					<string>DEBUG=1</string>
					<string>$(inherited)</string>
				</array>
				<key>GCC_WARN_64_TO_32_BIT_CONVERSION</key>
				<string>YES</string>
				<key>GCC_WARN_ABOUT_RETURN_TYPE</key>
				<string>YES_ERROR</string>
				<key>GCC_WARN_UNDECLARED_SELECTOR</key>
				<string>YES</string>
				<key>GCC_WARN_UNINITIALIZED_AUTOS</key>
				<string>YES_AGGRESSIVE</string>
				<key>GCC_WARN_UNUSED_FUNCTION</key>
				<string>YES</string>
				<key>GCC_WARN_UNUSED_VARIABLE</key>
				<string>YES</string>
				<key>IPHONEOS_DEPLOYMENT_TARGET</key>
				<string>9.3</string>
				<key>MTL_ENABLE_DEBUG_INFO</key>
				<string>YES</string>
				<key>ONLY_ACTIVE_ARCH</key>
				<string>YES</string>
				<key>SDKROOT</key>
				<string>iphoneos</string>
				<key>SWIFT_OPTIMIZATION_LEVEL</key>
				<string>-Onone</string>
			</dict>
			<key>isa</key>
			<string>XCBuildConfiguration</string>
			<key>name</key>
			<string>Debug</string>
		</dict>
		<key>C38055551CEAFD5E00D6C073</key>
		<dict>
			<key>buildSettings</key>
			<dict>
				<key>ALWAYS_SEARCH_USER_PATHS</key>
				<string>NO</string>
				<key>CLANG_ANALYZER_NONNULL</key>
				<string>YES</string>
				<key>CLANG_CXX_LANGUAGE_STANDARD</key>
				<string>gnu++0x</string>
				<key>CLANG_CXX_LIBRARY</key>
				<string>libc++</string>
				<key>CLANG_ENABLE_MODULES</key>
				<string>YES</string>
				<key>CLANG_ENABLE_OBJC_ARC</key>
				<string>YES</string>
				<key>CLANG_WARN_BOOL_CONVERSION</key>
				<string>YES</string>
				<key>CLANG_WARN_CONSTANT_CONVERSION</key>
				<string>YES</string>
				<key>CLANG_WARN_DIRECT_OBJC_ISA_USAGE</key>
				<string>YES_ERROR</string>
				<key>CLANG_WARN_EMPTY_BODY</key>
				<string>YES</string>
				<key>CLANG_WARN_ENUM_CONVERSION</key>
				<string>YES</string>
				<key>CLANG_WARN_INT_CONVERSION</key>
				<string>YES</string>
				<key>CLANG_WARN_OBJC_ROOT_CLASS</key>
				<string>YES_ERROR</string>
				<key>CLANG_WARN_UNREACHABLE_CODE</key>
				<string>YES</string>
				<key>CLANG_WARN__DUPLICATE_METHOD_MATCH</key>
				<string>YES</string>
				<key>CODE_SIGN_IDENTITY[sdk=iphoneos*]</key>
				<string>iPhone Developer</string>
				<key>COPY_PHASE_STRIP</key>
				<string>NO</string>
				<key>DEBUG_INFORMATION_FORMAT</key>
				<string>dwarf-with-dsym</string>
				<key>ENABLE_NS_ASSERTIONS</key>
				<string>NO</string>
				<key>ENABLE_STRICT_OBJC_MSGSEND</key>
				<string>YES</string>
				<key>GCC_C_LANGUAGE_STANDARD</key>
				<string>gnu99</string>
				<key>GCC_NO_COMMON_BLOCKS</key>
				<string>YES</string>
				<key>GCC_WARN_64_TO_32_BIT_CONVERSION</key>
				<string>YES</string>
				<key>GCC_WARN_ABOUT_RETURN_TYPE</key>
				<string>YES_ERROR</string>
				<key>GCC_WARN_UNDECLARED_SELECTOR</key>
				<string>YES</string>
				<key>GCC_WARN_UNINITIALIZED_AUTOS</key>
				<string>YES_AGGRESSIVE</string>
				<key>GCC_WARN_UNUSED_FUNCTION</key>
				<string>YES</string>
				<key>GCC_WARN_UNUSED_VARIABLE</key>
				<string>YES</string>
				<key>IPHONEOS_DEPLOYMENT_TARGET</key>
				<string>9.3</string>
				<key>MTL_ENABLE_DEBUG_INFO</key>
				<string>NO</string>
				<key>SDKROOT</key>
				<string>iphoneos</string>
				<key>VALIDATE_PRODUCT</key>
				<string>YES</string>
			</dict>
			<key>isa</key>
			<string>XCBuildConfiguration</string>
			<key>name</key>
			<string>Release</string>
		</dict>
		<key>C38055561CEAFD5E00D6C073</key>
		<dict>
			<key>buildConfigurations</key>
			<array>
				<string>C38055571CEAFD5E00D6C073</string>
				<string>C38055581CEAFD5E00D6C073</string>
			</array>
			<key>defaultConfigurationIsVisible</key>
			<string>0</string>
			<key>defaultConfigurationName</key>
			<string>Release</string>
			<key>isa</key>
			<string>XCConfigurationList</string>
		</dict>
		<key>C38055571CEAFD5E00D6C073</key>
		<dict>
			<key>baseConfigurationReference</key>
			<string>6792CAE254D55FC12C267CF4</string>
			<key>buildSettings</key>
			<dict>
				<key>ASSETCATALOG_COMPILER_APPICON_NAME</key>
				<string>AppIcon</string>
				<key>CLANG_ENABLE_MODULES</key>
				<string>YES</string>
				<key>INFOPLIST_FILE</key>
				<string>LoCal1/Info.plist</string>
				<key>LD_RUNPATH_SEARCH_PATHS</key>
				<string>$(inherited) @executable_path/Frameworks</string>
				<key>PRODUCT_BUNDLE_IDENTIFIER</key>
				<string>TylerReardon</string>
				<key>PRODUCT_NAME</key>
				<string>$(TARGET_NAME)</string>
				<key>SWIFT_OBJC_BRIDGING_HEADER</key>
				<string>LoCal-Bridging-Header.h</string>
				<key>SWIFT_OPTIMIZATION_LEVEL</key>
				<string>-Onone</string>
			</dict>
			<key>isa</key>
			<string>XCBuildConfiguration</string>
			<key>name</key>
			<string>Debug</string>
		</dict>
		<key>C38055581CEAFD5E00D6C073</key>
		<dict>
			<key>baseConfigurationReference</key>
			<string>292D5CCCB99B50CF64062BD6</string>
			<key>buildSettings</key>
			<dict>
				<key>ASSETCATALOG_COMPILER_APPICON_NAME</key>
				<string>AppIcon</string>
				<key>CLANG_ENABLE_MODULES</key>
				<string>YES</string>
				<key>INFOPLIST_FILE</key>
				<string>LoCal1/Info.plist</string>
				<key>LD_RUNPATH_SEARCH_PATHS</key>
				<string>$(inherited) @executable_path/Frameworks</string>
				<key>PRODUCT_BUNDLE_IDENTIFIER</key>
				<string>TylerReardon</string>
				<key>PRODUCT_NAME</key>
				<string>$(TARGET_NAME)</string>
				<key>SWIFT_OBJC_BRIDGING_HEADER</key>
				<string>LoCal-Bridging-Header.h</string>
			</dict>
			<key>isa</key>
			<string>XCBuildConfiguration</string>
			<key>name</key>
			<string>Release</string>
		</dict>
		<key>C38055591CEAFD5E00D6C073</key>
		<dict>
			<key>buildConfigurations</key>
			<array>
				<string>C380555A1CEAFD5E00D6C073</string>
				<string>C380555B1CEAFD5E00D6C073</string>
			</array>
			<key>defaultConfigurationIsVisible</key>
			<string>0</string>
			<key>defaultConfigurationName</key>
			<string>Release</string>
			<key>isa</key>
			<string>XCConfigurationList</string>
		</dict>
		<key>C380555A1CEAFD5E00D6C073</key>
		<dict>
			<key>buildSettings</key>
			<dict>
				<key>BUNDLE_LOADER</key>
				<string>$(TEST_HOST)</string>
				<key>INFOPLIST_FILE</key>
				<string>LoCal1Tests/Info.plist</string>
				<key>LD_RUNPATH_SEARCH_PATHS</key>
				<string>$(inherited) @executable_path/Frameworks @loader_path/Frameworks</string>
				<key>PRODUCT_BUNDLE_IDENTIFIER</key>
				<string>pacificnorthdev.LoCal1Tests</string>
				<key>PRODUCT_NAME</key>
				<string>$(TARGET_NAME)</string>
				<key>TEST_HOST</key>
				<string>$(BUILT_PRODUCTS_DIR)/LoCal1.app/LoCal1</string>
			</dict>
			<key>isa</key>
			<string>XCBuildConfiguration</string>
			<key>name</key>
			<string>Debug</string>
		</dict>
		<key>C380555B1CEAFD5E00D6C073</key>
		<dict>
			<key>buildSettings</key>
			<dict>
				<key>BUNDLE_LOADER</key>
				<string>$(TEST_HOST)</string>
				<key>INFOPLIST_FILE</key>
				<string>LoCal1Tests/Info.plist</string>
				<key>LD_RUNPATH_SEARCH_PATHS</key>
				<string>$(inherited) @executable_path/Frameworks @loader_path/Frameworks</string>
				<key>PRODUCT_BUNDLE_IDENTIFIER</key>
				<string>pacificnorthdev.LoCal1Tests</string>
				<key>PRODUCT_NAME</key>
				<string>$(TARGET_NAME)</string>
				<key>TEST_HOST</key>
				<string>$(BUILT_PRODUCTS_DIR)/LoCal1.app/LoCal1</string>
			</dict>
			<key>isa</key>
			<string>XCBuildConfiguration</string>
			<key>name</key>
			<string>Release</string>
		</dict>
		<key>C380555C1CEAFD5E00D6C073</key>
		<dict>
			<key>buildConfigurations</key>
			<array>
				<string>C380555D1CEAFD5E00D6C073</string>
				<string>C380555E1CEAFD5E00D6C073</string>
			</array>
			<key>defaultConfigurationIsVisible</key>
			<string>0</string>
			<key>defaultConfigurationName</key>
			<string>Release</string>
			<key>isa</key>
			<string>XCConfigurationList</string>
		</dict>
		<key>C380555D1CEAFD5E00D6C073</key>
		<dict>
			<key>buildSettings</key>
			<dict>
				<key>INFOPLIST_FILE</key>
				<string>LoCal1UITests/Info.plist</string>
				<key>LD_RUNPATH_SEARCH_PATHS</key>
				<string>$(inherited) @executable_path/Frameworks @loader_path/Frameworks</string>
				<key>PRODUCT_BUNDLE_IDENTIFIER</key>
				<string>pacificnorthdev.LoCal1UITests</string>
				<key>PRODUCT_NAME</key>
				<string>$(TARGET_NAME)</string>
				<key>TEST_TARGET_NAME</key>
				<string>LoCal1</string>
			</dict>
			<key>isa</key>
			<string>XCBuildConfiguration</string>
			<key>name</key>
			<string>Debug</string>
		</dict>
		<key>C380555E1CEAFD5E00D6C073</key>
		<dict>
			<key>buildSettings</key>
			<dict>
				<key>INFOPLIST_FILE</key>
				<string>LoCal1UITests/Info.plist</string>
				<key>LD_RUNPATH_SEARCH_PATHS</key>
				<string>$(inherited) @executable_path/Frameworks @loader_path/Frameworks</string>
				<key>PRODUCT_BUNDLE_IDENTIFIER</key>
				<string>pacificnorthdev.LoCal1UITests</string>
				<key>PRODUCT_NAME</key>
				<string>$(TARGET_NAME)</string>
				<key>TEST_TARGET_NAME</key>
				<string>LoCal1</string>
			</dict>
			<key>isa</key>
			<string>XCBuildConfiguration</string>
			<key>name</key>
			<string>Release</string>
		</dict>
		<key>C380555F1CEAFD8300D6C073</key>
		<dict>
			<key>fileEncoding</key>
			<string>4</string>
			<key>isa</key>
			<string>PBXFileReference</string>
			<key>lastKnownFileType</key>
			<string>sourcecode.swift</string>
			<key>path</key>
			<string>CalendarScrollViewController.swift</string>
			<key>sourceTree</key>
			<string>&lt;group&gt;</string>
		</dict>
		<key>C38055601CEAFD8300D6C073</key>
		<dict>
			<key>fileRef</key>
			<string>C380555F1CEAFD8300D6C073</string>
			<key>isa</key>
			<string>PBXBuildFile</string>
		</dict>
		<key>C38055611CEAFDA200D6C073</key>
		<dict>
			<key>isa</key>
			<string>PBXFileReference</string>
			<key>lastKnownFileType</key>
			<string>sourcecode.c.h</string>
			<key>path</key>
			<string>LoCal1-Bridging-Header.h</string>
			<key>sourceTree</key>
			<string>&lt;group&gt;</string>
		</dict>
		<key>C38055621CEAFDA300D6C073</key>
		<dict>
			<key>fileEncoding</key>
			<string>4</string>
			<key>isa</key>
			<string>PBXFileReference</string>
			<key>lastKnownFileType</key>
			<string>sourcecode.c.h</string>
			<key>path</key>
			<string>ALView+PureLayout.h</string>
			<key>sourceTree</key>
			<string>&lt;group&gt;</string>
		</dict>
		<key>C38055631CEAFDA300D6C073</key>
		<dict>
			<key>fileEncoding</key>
			<string>4</string>
			<key>isa</key>
			<string>PBXFileReference</string>
			<key>lastKnownFileType</key>
			<string>sourcecode.c.objc</string>
			<key>path</key>
			<string>ALView+PureLayout.m</string>
			<key>sourceTree</key>
			<string>&lt;group&gt;</string>
		</dict>
		<key>C38055641CEAFDA300D6C073</key>
		<dict>
			<key>fileEncoding</key>
			<string>4</string>
			<key>isa</key>
			<string>PBXFileReference</string>
			<key>lastKnownFileType</key>
			<string>sourcecode.c.h</string>
			<key>path</key>
			<string>NSArray+PureLayout.h</string>
			<key>sourceTree</key>
			<string>&lt;group&gt;</string>
		</dict>
		<key>C38055651CEAFDA300D6C073</key>
		<dict>
			<key>fileEncoding</key>
			<string>4</string>
			<key>isa</key>
			<string>PBXFileReference</string>
			<key>lastKnownFileType</key>
			<string>sourcecode.c.objc</string>
			<key>path</key>
			<string>NSArray+PureLayout.m</string>
			<key>sourceTree</key>
			<string>&lt;group&gt;</string>
		</dict>
		<key>C38055661CEAFDA300D6C073</key>
		<dict>
			<key>fileEncoding</key>
			<string>4</string>
			<key>isa</key>
			<string>PBXFileReference</string>
			<key>lastKnownFileType</key>
			<string>sourcecode.c.h</string>
			<key>path</key>
			<string>NSLayoutConstraint+PureLayout.h</string>
			<key>sourceTree</key>
			<string>&lt;group&gt;</string>
		</dict>
		<key>C38055671CEAFDA300D6C073</key>
		<dict>
			<key>fileEncoding</key>
			<string>4</string>
			<key>isa</key>
			<string>PBXFileReference</string>
			<key>lastKnownFileType</key>
			<string>sourcecode.c.objc</string>
			<key>path</key>
			<string>NSLayoutConstraint+PureLayout.m</string>
			<key>sourceTree</key>
			<string>&lt;group&gt;</string>
		</dict>
		<key>C38055681CEAFDA300D6C073</key>
		<dict>
			<key>fileEncoding</key>
			<string>4</string>
			<key>isa</key>
			<string>PBXFileReference</string>
			<key>lastKnownFileType</key>
			<string>sourcecode.c.h</string>
			<key>path</key>
			<string>PureLayout.h</string>
			<key>sourceTree</key>
			<string>&lt;group&gt;</string>
		</dict>
		<key>C38055691CEAFDA300D6C073</key>
		<dict>
			<key>fileEncoding</key>
			<string>4</string>
			<key>isa</key>
			<string>PBXFileReference</string>
			<key>lastKnownFileType</key>
			<string>sourcecode.c.h</string>
			<key>path</key>
			<string>PureLayout+Internal.h</string>
			<key>sourceTree</key>
			<string>&lt;group&gt;</string>
		</dict>
		<key>C380556A1CEAFDA300D6C073</key>
		<dict>
			<key>fileEncoding</key>
			<string>4</string>
			<key>isa</key>
			<string>PBXFileReference</string>
			<key>lastKnownFileType</key>
			<string>sourcecode.c.h</string>
			<key>path</key>
			<string>PureLayoutDefines.h</string>
			<key>sourceTree</key>
			<string>&lt;group&gt;</string>
		</dict>
		<key>C380556B1CEAFDA300D6C073</key>
		<dict>
			<key>fileRef</key>
			<string>C38055631CEAFDA300D6C073</string>
			<key>isa</key>
			<string>PBXBuildFile</string>
		</dict>
		<key>C380556C1CEAFDA300D6C073</key>
		<dict>
			<key>fileRef</key>
			<string>C38055651CEAFDA300D6C073</string>
			<key>isa</key>
			<string>PBXBuildFile</string>
		</dict>
		<key>C380556D1CEAFDA300D6C073</key>
		<dict>
			<key>fileRef</key>
			<string>C38055671CEAFDA300D6C073</string>
			<key>isa</key>
			<string>PBXBuildFile</string>
		</dict>
		<key>C380556E1CEAFDBF00D6C073</key>
		<dict>
			<key>children</key>
			<array>
				<string>C38055621CEAFDA300D6C073</string>
				<string>C38055631CEAFDA300D6C073</string>
				<string>C38055641CEAFDA300D6C073</string>
				<string>C38055651CEAFDA300D6C073</string>
				<string>C38055661CEAFDA300D6C073</string>
				<string>C38055671CEAFDA300D6C073</string>
				<string>C38055681CEAFDA300D6C073</string>
				<string>C38055691CEAFDA300D6C073</string>
				<string>C380556A1CEAFDA300D6C073</string>
				<string>C38055611CEAFDA200D6C073</string>
			</array>
			<key>isa</key>
			<string>PBXGroup</string>
			<key>name</key>
			<string>PureLayout</string>
			<key>sourceTree</key>
			<string>&lt;group&gt;</string>
		</dict>
		<key>C38055701CEAFDFF00D6C073</key>
		<dict>
			<key>fileEncoding</key>
			<string>4</string>
			<key>isa</key>
			<string>PBXFileReference</string>
			<key>lastKnownFileType</key>
			<string>sourcecode.swift</string>
			<key>path</key>
			<string>AddEventViewController.swift</string>
			<key>sourceTree</key>
			<string>&lt;group&gt;</string>
		</dict>
		<key>C38055711CEAFDFF00D6C073</key>
		<dict>
			<key>fileEncoding</key>
			<string>4</string>
			<key>isa</key>
			<string>PBXFileReference</string>
			<key>lastKnownFileType</key>
			<string>sourcecode.swift</string>
			<key>path</key>
			<string>AddLocationViewController.swift</string>
			<key>sourceTree</key>
			<string>&lt;group&gt;</string>
		</dict>
		<key>C38055721CEAFDFF00D6C073</key>
		<dict>
			<key>fileRef</key>
			<string>C38055701CEAFDFF00D6C073</string>
			<key>isa</key>
			<string>PBXBuildFile</string>
		</dict>
		<key>C38055731CEAFDFF00D6C073</key>
		<dict>
			<key>fileRef</key>
			<string>C38055711CEAFDFF00D6C073</string>
			<key>isa</key>
			<string>PBXBuildFile</string>
		</dict>
		<key>C38055741CEAFE3200D6C073</key>
		<dict>
			<key>fileEncoding</key>
			<string>4</string>
			<key>isa</key>
			<string>PBXFileReference</string>
			<key>lastKnownFileType</key>
			<string>sourcecode.swift</string>
			<key>path</key>
			<string>AppDelegate.swift</string>
			<key>sourceTree</key>
			<string>&lt;group&gt;</string>
		</dict>
		<key>C38055751CEAFE3200D6C073</key>
		<dict>
			<key>fileRef</key>
			<string>C38055741CEAFE3200D6C073</string>
			<key>isa</key>
			<string>PBXBuildFile</string>
		</dict>
		<key>C38055761CEAFE4F00D6C073</key>
		<dict>
			<key>isa</key>
			<string>PBXFileReference</string>
			<key>lastKnownFileType</key>
			<string>image.png</string>
			<key>path</key>
			<string>AddEventButtonPlus.png</string>
			<key>sourceTree</key>
			<string>&lt;group&gt;</string>
		</dict>
		<key>C38055771CEAFE4F00D6C073</key>
		<dict>
			<key>isa</key>
			<string>PBXFileReference</string>
			<key>lastKnownFileType</key>
			<string>image.png</string>
			<key>path</key>
			<string>AddLocation.png</string>
			<key>sourceTree</key>
			<string>&lt;group&gt;</string>
		</dict>
		<key>C38055781CEAFE4F00D6C073</key>
		<dict>
			<key>isa</key>
			<string>PBXFileReference</string>
			<key>lastKnownFileType</key>
			<string>image.png</string>
			<key>path</key>
			<string>BackButton.png</string>
			<key>sourceTree</key>
			<string>&lt;group&gt;</string>
		</dict>
		<key>C38055791CEAFE4F00D6C073</key>
		<dict>
			<key>isa</key>
			<string>PBXFileReference</string>
			<key>lastKnownFileType</key>
			<string>image.png</string>
			<key>path</key>
			<string>DownArrow.png</string>
			<key>sourceTree</key>
			<string>&lt;group&gt;</string>
		</dict>
		<key>C380557A1CEAFE4F00D6C073</key>
		<dict>
			<key>isa</key>
			<string>PBXFileReference</string>
			<key>lastKnownFileType</key>
			<string>image.png</string>
			<key>path</key>
			<string>ForwardButton.png</string>
			<key>sourceTree</key>
			<string>&lt;group&gt;</string>
		</dict>
		<key>C380557B1CEAFE4F00D6C073</key>
		<dict>
			<key>isa</key>
			<string>PBXFileReference</string>
			<key>lastKnownFileType</key>
			<string>image.png</string>
			<key>path</key>
			<string>Logo2.png</string>
			<key>sourceTree</key>
			<string>&lt;group&gt;</string>
		</dict>
		<key>C380557C1CEAFE4F00D6C073</key>
		<dict>
			<key>isa</key>
			<string>PBXFileReference</string>
			<key>lastKnownFileType</key>
			<string>image.png</string>
			<key>path</key>
			<string>SearchMapButton.png</string>
			<key>sourceTree</key>
			<string>&lt;group&gt;</string>
		</dict>
		<key>C380557D1CEAFE4F00D6C073</key>
		<dict>
			<key>isa</key>
			<string>PBXFileReference</string>
			<key>lastKnownFileType</key>
			<string>image.png</string>
			<key>path</key>
			<string>UpArrow.png</string>
			<key>sourceTree</key>
			<string>&lt;group&gt;</string>
		</dict>
		<key>C380557E1CEAFE4F00D6C073</key>
		<dict>
			<key>fileRef</key>
			<string>C38055761CEAFE4F00D6C073</string>
			<key>isa</key>
			<string>PBXBuildFile</string>
		</dict>
		<key>C380557F1CEAFE4F00D6C073</key>
		<dict>
			<key>fileRef</key>
			<string>C38055771CEAFE4F00D6C073</string>
			<key>isa</key>
			<string>PBXBuildFile</string>
		</dict>
		<key>C38055801CEAFE4F00D6C073</key>
		<dict>
			<key>fileRef</key>
			<string>C38055781CEAFE4F00D6C073</string>
			<key>isa</key>
			<string>PBXBuildFile</string>
		</dict>
		<key>C38055811CEAFE4F00D6C073</key>
		<dict>
			<key>fileRef</key>
			<string>C38055791CEAFE4F00D6C073</string>
			<key>isa</key>
			<string>PBXBuildFile</string>
		</dict>
		<key>C38055821CEAFE4F00D6C073</key>
		<dict>
			<key>fileRef</key>
			<string>C380557A1CEAFE4F00D6C073</string>
			<key>isa</key>
			<string>PBXBuildFile</string>
		</dict>
		<key>C38055831CEAFE4F00D6C073</key>
		<dict>
			<key>fileRef</key>
			<string>C380557B1CEAFE4F00D6C073</string>
			<key>isa</key>
			<string>PBXBuildFile</string>
		</dict>
		<key>C38055841CEAFE4F00D6C073</key>
		<dict>
			<key>fileRef</key>
			<string>C380557C1CEAFE4F00D6C073</string>
			<key>isa</key>
			<string>PBXBuildFile</string>
		</dict>
		<key>C38055851CEAFE4F00D6C073</key>
		<dict>
			<key>fileRef</key>
			<string>C380557D1CEAFE4F00D6C073</string>
			<key>isa</key>
			<string>PBXBuildFile</string>
		</dict>
		<key>C38055861CEAFE5400D6C073</key>
		<dict>
			<key>children</key>
			<array>
				<string>C38055761CEAFE4F00D6C073</string>
				<string>C38055771CEAFE4F00D6C073</string>
				<string>C38055781CEAFE4F00D6C073</string>
				<string>C38055791CEAFE4F00D6C073</string>
				<string>C380557A1CEAFE4F00D6C073</string>
				<string>C380557B1CEAFE4F00D6C073</string>
				<string>C380557C1CEAFE4F00D6C073</string>
				<string>C380557D1CEAFE4F00D6C073</string>
			</array>
			<key>isa</key>
			<string>PBXGroup</string>
			<key>name</key>
			<string>Images</string>
			<key>sourceTree</key>
			<string>&lt;group&gt;</string>
		</dict>
		<key>C38055871CEAFE7D00D6C073</key>
		<dict>
			<key>fileEncoding</key>
			<string>4</string>
			<key>isa</key>
			<string>PBXFileReference</string>
			<key>lastKnownFileType</key>
			<string>sourcecode.swift</string>
			<key>path</key>
			<string>BottomBackButton.swift</string>
			<key>sourceTree</key>
			<string>&lt;group&gt;</string>
		</dict>
		<key>C38055881CEAFE7D00D6C073</key>
		<dict>
			<key>fileEncoding</key>
			<string>4</string>
			<key>isa</key>
			<string>PBXFileReference</string>
			<key>lastKnownFileType</key>
			<string>sourcecode.swift</string>
			<key>path</key>
			<string>BubbleButton.swift</string>
			<key>sourceTree</key>
			<string>&lt;group&gt;</string>
		</dict>
		<key>C38055891CEAFE7D00D6C073</key>
		<dict>
			<key>fileEncoding</key>
			<string>4</string>
			<key>isa</key>
			<string>PBXFileReference</string>
			<key>lastKnownFileType</key>
			<string>sourcecode.swift</string>
			<key>path</key>
			<string>CalendarManager.swift</string>
			<key>sourceTree</key>
			<string>&lt;group&gt;</string>
		</dict>
		<key>C380558A1CEAFE7D00D6C073</key>
		<dict>
			<key>fileEncoding</key>
			<string>4</string>
			<key>isa</key>
			<string>PBXFileReference</string>
			<key>lastKnownFileType</key>
			<string>sourcecode.swift</string>
			<key>path</key>
			<string>CalendarScrollCell.swift</string>
			<key>sourceTree</key>
			<string>&lt;group&gt;</string>
		</dict>
		<key>C380558B1CEAFE7D00D6C073</key>
		<dict>
			<key>fileEncoding</key>
			<string>4</string>
			<key>isa</key>
			<string>PBXFileReference</string>
			<key>lastKnownFileType</key>
			<string>sourcecode.swift</string>
			<key>path</key>
			<string>CalendarView.swift</string>
			<key>sourceTree</key>
			<string>&lt;group&gt;</string>
		</dict>
		<key>C380558C1CEAFE7D00D6C073</key>
		<dict>
			<key>fileEncoding</key>
			<string>4</string>
			<key>isa</key>
			<string>PBXFileReference</string>
			<key>lastKnownFileType</key>
			<string>sourcecode.swift</string>
			<key>path</key>
			<string>CalendarViewDateButton.swift</string>
			<key>sourceTree</key>
			<string>&lt;group&gt;</string>
		</dict>
		<key>C380558D1CEAFE7D00D6C073</key>
		<dict>
			<key>fileEncoding</key>
			<string>4</string>
			<key>isa</key>
			<string>PBXFileReference</string>
			<key>lastKnownFileType</key>
			<string>sourcecode.swift</string>
			<key>path</key>
			<string>ColorManager.swift</string>
			<key>sourceTree</key>
			<string>&lt;group&gt;</string>
		</dict>
		<key>C380558E1CEAFE7D00D6C073</key>
		<dict>
			<key>fileEncoding</key>
			<string>4</string>
			<key>isa</key>
			<string>PBXFileReference</string>
			<key>lastKnownFileType</key>
			<string>sourcecode.swift</string>
			<key>path</key>
			<string>DataManager.swift</string>
			<key>sourceTree</key>
			<string>&lt;group&gt;</string>
		</dict>
		<key>C380558F1CEAFE7D00D6C073</key>
		<dict>
			<key>fileEncoding</key>
			<string>4</string>
			<key>isa</key>
			<string>PBXFileReference</string>
			<key>lastKnownFileType</key>
			<string>sourcecode.swift</string>
			<key>path</key>
			<string>DayEventsViewController.swift</string>
			<key>sourceTree</key>
			<string>&lt;group&gt;</string>
		</dict>
		<key>C38055901CEAFE7D00D6C073</key>
		<dict>
			<key>fileEncoding</key>
			<string>4</string>
			<key>isa</key>
			<string>PBXFileReference</string>
			<key>lastKnownFileType</key>
			<string>sourcecode.swift</string>
			<key>path</key>
			<string>DayHeatMap.swift</string>
			<key>sourceTree</key>
			<string>&lt;group&gt;</string>
		</dict>
		<key>C38055911CEAFE7D00D6C073</key>
		<dict>
			<key>fileEncoding</key>
			<string>4</string>
			<key>isa</key>
			<string>PBXFileReference</string>
			<key>lastKnownFileType</key>
			<string>sourcecode.swift</string>
			<key>path</key>
			<string>DayTable.swift</string>
			<key>sourceTree</key>
			<string>&lt;group&gt;</string>
		</dict>
		<key>C38055921CEAFE7D00D6C073</key>
		<dict>
			<key>fileEncoding</key>
			<string>4</string>
			<key>isa</key>
			<string>PBXFileReference</string>
			<key>lastKnownFileType</key>
			<string>sourcecode.swift</string>
			<key>path</key>
			<string>DeQueue.swift</string>
			<key>sourceTree</key>
			<string>&lt;group&gt;</string>
		</dict>
		<key>C38055931CEAFE7D00D6C073</key>
		<dict>
			<key>fileRef</key>
			<string>C38055871CEAFE7D00D6C073</string>
			<key>isa</key>
			<string>PBXBuildFile</string>
		</dict>
		<key>C38055941CEAFE7D00D6C073</key>
		<dict>
			<key>fileRef</key>
			<string>C38055881CEAFE7D00D6C073</string>
			<key>isa</key>
			<string>PBXBuildFile</string>
		</dict>
		<key>C38055951CEAFE7D00D6C073</key>
		<dict>
			<key>fileRef</key>
			<string>C38055891CEAFE7D00D6C073</string>
			<key>isa</key>
			<string>PBXBuildFile</string>
		</dict>
		<key>C38055961CEAFE7D00D6C073</key>
		<dict>
			<key>fileRef</key>
			<string>C380558A1CEAFE7D00D6C073</string>
			<key>isa</key>
			<string>PBXBuildFile</string>
		</dict>
		<key>C38055971CEAFE7D00D6C073</key>
		<dict>
			<key>fileRef</key>
			<string>C380558B1CEAFE7D00D6C073</string>
			<key>isa</key>
			<string>PBXBuildFile</string>
		</dict>
		<key>C38055981CEAFE7D00D6C073</key>
		<dict>
			<key>fileRef</key>
			<string>C380558C1CEAFE7D00D6C073</string>
			<key>isa</key>
			<string>PBXBuildFile</string>
		</dict>
		<key>C38055991CEAFE7D00D6C073</key>
		<dict>
			<key>fileRef</key>
			<string>C380558D1CEAFE7D00D6C073</string>
			<key>isa</key>
			<string>PBXBuildFile</string>
		</dict>
		<key>C380559A1CEAFE7D00D6C073</key>
		<dict>
			<key>fileRef</key>
			<string>C380558E1CEAFE7D00D6C073</string>
			<key>isa</key>
			<string>PBXBuildFile</string>
		</dict>
		<key>C380559B1CEAFE7D00D6C073</key>
		<dict>
			<key>fileRef</key>
			<string>C380558F1CEAFE7D00D6C073</string>
			<key>isa</key>
			<string>PBXBuildFile</string>
		</dict>
		<key>C380559C1CEAFE7D00D6C073</key>
		<dict>
			<key>fileRef</key>
			<string>C38055901CEAFE7D00D6C073</string>
			<key>isa</key>
			<string>PBXBuildFile</string>
		</dict>
		<key>C380559D1CEAFE7D00D6C073</key>
		<dict>
			<key>fileRef</key>
			<string>C38055911CEAFE7D00D6C073</string>
			<key>isa</key>
			<string>PBXBuildFile</string>
		</dict>
		<key>C380559E1CEAFE7D00D6C073</key>
		<dict>
			<key>fileRef</key>
			<string>C38055921CEAFE7D00D6C073</string>
			<key>isa</key>
			<string>PBXBuildFile</string>
		</dict>
		<key>C380559F1CEAFE9E00D6C073</key>
		<dict>
			<key>fileEncoding</key>
			<string>4</string>
			<key>isa</key>
			<string>PBXFileReference</string>
			<key>lastKnownFileType</key>
			<string>sourcecode.swift</string>
			<key>path</key>
			<string>EventCell.swift</string>
			<key>sourceTree</key>
			<string>&lt;group&gt;</string>
		</dict>
		<key>C38055A01CEAFE9E00D6C073</key>
		<dict>
			<key>fileEncoding</key>
			<string>4</string>
			<key>isa</key>
			<string>PBXFileReference</string>
			<key>lastKnownFileType</key>
			<string>sourcecode.swift</string>
			<key>path</key>
			<string>LocationManager.swift</string>
			<key>sourceTree</key>
			<string>&lt;group&gt;</string>
		</dict>
		<key>C38055A11CEAFE9E00D6C073</key>
		<dict>
			<key>fileEncoding</key>
			<string>4</string>
			<key>isa</key>
			<string>PBXFileReference</string>
			<key>lastKnownFileType</key>
			<string>sourcecode.swift</string>
			<key>path</key>
			<string>LoginPageViewController.swift</string>
			<key>sourceTree</key>
			<string>&lt;group&gt;</string>
		</dict>
		<key>C38055A21CEAFE9E00D6C073</key>
		<dict>
			<key>fileEncoding</key>
			<string>4</string>
			<key>isa</key>
			<string>PBXFileReference</string>
			<key>lastKnownFileType</key>
			<string>sourcecode.swift</string>
			<key>path</key>
			<string>NavButton.swift</string>
			<key>sourceTree</key>
			<string>&lt;group&gt;</string>
		</dict>
		<key>C38055A31CEAFE9E00D6C073</key>
		<dict>
			<key>fileEncoding</key>
			<string>4</string>
			<key>isa</key>
			<string>PBXFileReference</string>
			<key>lastKnownFileType</key>
			<string>sourcecode.swift</string>
			<key>path</key>
			<string>PageContentViewController.swift</string>
			<key>sourceTree</key>
			<string>&lt;group&gt;</string>
		</dict>
		<key>C38055A41CEAFE9E00D6C073</key>
		<dict>
			<key>fileEncoding</key>
			<string>4</string>
			<key>isa</key>
			<string>PBXFileReference</string>
			<key>lastKnownFileType</key>
			<string>sourcecode.swift</string>
			<key>path</key>
			<string>TwoButtonOnBottom.swift</string>
			<key>sourceTree</key>
			<string>&lt;group&gt;</string>
		</dict>
		<key>C38055A51CEAFE9E00D6C073</key>
		<dict>
			<key>fileEncoding</key>
			<string>4</string>
			<key>isa</key>
			<string>PBXFileReference</string>
			<key>lastKnownFileType</key>
			<string>sourcecode.swift</string>
			<key>path</key>
			<string>User.swift</string>
			<key>sourceTree</key>
			<string>&lt;group&gt;</string>
		</dict>
		<key>C38055A61CEAFE9E00D6C073</key>
		<dict>
			<key>fileRef</key>
			<string>C380559F1CEAFE9E00D6C073</string>
			<key>isa</key>
			<string>PBXBuildFile</string>
		</dict>
		<key>C38055A71CEAFE9E00D6C073</key>
		<dict>
			<key>fileRef</key>
			<string>C38055A01CEAFE9E00D6C073</string>
			<key>isa</key>
			<string>PBXBuildFile</string>
		</dict>
		<key>C38055A81CEAFE9E00D6C073</key>
		<dict>
			<key>fileRef</key>
			<string>C38055A11CEAFE9E00D6C073</string>
			<key>isa</key>
			<string>PBXBuildFile</string>
		</dict>
		<key>C38055A91CEAFE9E00D6C073</key>
		<dict>
			<key>fileRef</key>
			<string>C38055A21CEAFE9E00D6C073</string>
			<key>isa</key>
			<string>PBXBuildFile</string>
		</dict>
		<key>C38055AA1CEAFE9E00D6C073</key>
		<dict>
			<key>fileRef</key>
			<string>C38055A31CEAFE9E00D6C073</string>
			<key>isa</key>
			<string>PBXBuildFile</string>
		</dict>
		<key>C38055AB1CEAFE9E00D6C073</key>
		<dict>
			<key>fileRef</key>
			<string>C38055A41CEAFE9E00D6C073</string>
			<key>isa</key>
			<string>PBXBuildFile</string>
		</dict>
		<key>C38055AC1CEAFE9E00D6C073</key>
		<dict>
			<key>fileRef</key>
			<string>C38055A51CEAFE9E00D6C073</string>
			<key>isa</key>
			<string>PBXBuildFile</string>
		</dict>
		<key>C38055AD1CEAFEDA00D6C073</key>
		<dict>
			<key>children</key>
			<array>
				<string>C380555F1CEAFD8300D6C073</string>
				<string>C38055701CEAFDFF00D6C073</string>
				<string>C38055711CEAFDFF00D6C073</string>
				<string>C38055A11CEAFE9E00D6C073</string>
				<string>C38055A31CEAFE9E00D6C073</string>
				<string>C380558F1CEAFE7D00D6C073</string>
				<string>C38055301CEAFD5E00D6C073</string>
			</array>
			<key>isa</key>
			<string>PBXGroup</string>
			<key>name</key>
			<string>ViewControllers</string>
			<key>sourceTree</key>
			<string>&lt;group&gt;</string>
		</dict>
		<key>C38055AE1CEAFF1400D6C073</key>
		<dict>
			<key>children</key>
			<array>
				<string>C38055871CEAFE7D00D6C073</string>
				<string>C38055A21CEAFE9E00D6C073</string>
				<string>C38055881CEAFE7D00D6C073</string>
				<string>C38055A41CEAFE9E00D6C073</string>
				<string>C380558C1CEAFE7D00D6C073</string>
			</array>
			<key>isa</key>
			<string>PBXGroup</string>
			<key>name</key>
			<string>Buttons</string>
			<key>sourceTree</key>
			<string>&lt;group&gt;</string>
		</dict>
		<key>C38055AF1CEAFF2D00D6C073</key>
		<dict>
			<key>children</key>
			<array>
				<string>C38055891CEAFE7D00D6C073</string>
				<string>C380558D1CEAFE7D00D6C073</string>
				<string>C380558E1CEAFE7D00D6C073</string>
				<string>C38055A01CEAFE9E00D6C073</string>
			</array>
			<key>isa</key>
			<string>PBXGroup</string>
			<key>name</key>
			<string>Managers</string>
			<key>sourceTree</key>
			<string>&lt;group&gt;</string>
		</dict>
		<key>C38055B01CEAFF4200D6C073</key>
		<dict>
			<key>children</key>
			<array>
				<string>C380558A1CEAFE7D00D6C073</string>
				<string>C380559F1CEAFE9E00D6C073</string>
			</array>
			<key>isa</key>
			<string>PBXGroup</string>
			<key>name</key>
			<string>Cells</string>
			<key>sourceTree</key>
			<string>&lt;group&gt;</string>
		</dict>
		<key>C38055B21CEB003700D6C073</key>
		<dict>
			<key>isa</key>
			<string>PBXFileReference</string>
			<key>lastKnownFileType</key>
			<string>sourcecode.c.h</string>
			<key>path</key>
			<string>LoCal-Bridging-Header.h</string>
			<key>sourceTree</key>
			<string>&lt;group&gt;</string>
		</dict>
		<key>D346FE91FEFE5CF9276705E4</key>
		<dict>
			<key>explicitFileType</key>
			<string>archive.ar</string>
			<key>includeInIndex</key>
			<string>0</string>
			<key>isa</key>
			<string>PBXFileReference</string>
			<key>path</key>
			<string>libPods-LoCal1.a</string>
			<key>sourceTree</key>
			<string>BUILT_PRODUCTS_DIR</string>
		</dict>
		<key>DDB12FC84C402ECB07913268</key>
		<dict>
			<key>buildActionMask</key>
			<string>2147483647</string>
			<key>files</key>
			<array/>
			<key>inputPaths</key>
			<array/>
			<key>isa</key>
			<string>PBXShellScriptBuildPhase</string>
			<key>name</key>
			<string>Check Pods Manifest.lock</string>
			<key>outputPaths</key>
			<array/>
			<key>runOnlyForDeploymentPostprocessing</key>
			<string>0</string>
			<key>shellPath</key>
			<string>/bin/sh</string>
			<key>shellScript</key>
			<string>diff "${PODS_ROOT}/../Podfile.lock" "${PODS_ROOT}/Manifest.lock" &gt; /dev/null
if [[ $? != 0 ]] ; then
    cat &lt;&lt; EOM
error: The sandbox is not in sync with the Podfile.lock. Run 'pod install' or update your CocoaPods installation.
EOM
    exit 1
fi
</string>
			<key>showEnvVarsInLog</key>
			<string>0</string>
		</dict>
		<key>E410EB0AA4D142D112B74924</key>
		<dict>
			<key>explicitFileType</key>
			<string>archive.ar</string>
			<key>includeInIndex</key>
			<string>0</string>
			<key>isa</key>
			<string>PBXFileReference</string>
			<key>path</key>
			<string>libPods.a</string>
			<key>sourceTree</key>
			<string>BUILT_PRODUCTS_DIR</string>
		</dict>
	</dict>
	<key>rootObject</key>
	<string>C38055231CEAFD5E00D6C073</string>
</dict>
</plist>
